
Microsoft Visual Studio Solution File, Format Version 12.00
# Visual Studio Version 17
VisualStudioVersion = 17.11.35219.272
MinimumVisualStudioVersion = 10.0.40219.1
Project("{9A19103F-16F7-4668-BE54-9A1E7A4F7556}") = "ej1", "Tp1\ej1.csproj", "{3AA9E142-4558-4710-88FB-A7F190E90DF6}"
EndProject
Project("{9A19103F-16F7-4668-BE54-9A1E7A4F7556}") = "ej2", "ej2\ej2.csproj", "{A59C787A-35A1-433E-99BD-374CD1D49505}"
EndProject
Project("{9A19103F-16F7-4668-BE54-9A1E7A4F7556}") = "ej3", "ej3\ej3.csproj", "{C1361BAD-34F0-45D9-8EFF-92827BB2FC38}"
EndProject
Project("{9A19103F-16F7-4668-BE54-9A1E7A4F7556}") = "ej4", "ej4\ej4.csproj", "{BC8CDCB6-DCF8-487D-AA74-9FE3AB94B917}"
EndProject
Project("{9A19103F-16F7-4668-BE54-9A1E7A4F7556}") = "ej5", "ej5\ej5.csproj", "{FDCA096B-0FE5-4D18-AA0E-B5378833DA09}"
EndProject
Project("{9A19103F-16F7-4668-BE54-9A1E7A4F7556}") = "ej6", "ej6\ej6.csproj", "{244F1E36-7785-4D68-B6B0-6381863FADD3}"
EndProject
Project("{9A19103F-16F7-4668-BE54-9A1E7A4F7556}") = "ej7", "ej7\ej7.csproj", "{C071DD0D-3C76-4139-9608-F31E891773E9}"
EndProject
Project("{9A19103F-16F7-4668-BE54-9A1E7A4F7556}") = "ej8", "ej8\ej8.csproj", "{EBB7CF04-48C0-40AC-A20A-E656B362178A}"
EndProject
Project("{9A19103F-16F7-4668-BE54-9A1E7A4F7556}") = "ej9", "ej9\ej9.csproj", "{6760D56E-279C-4ADC-81EE-DF2527671021}"
EndProject
Project("{9A19103F-16F7-4668-BE54-9A1E7A4F7556}") = "ej10", "ej10\ej10.csproj", "{D4992021-7166-410E-AB57-897388DA43A4}"
EndProject
Project("{FAE04EC0-301F-11D3-BF4B-00C04F79EFBC}") = "ej11", "ej11\ej11.csproj", "{E6CD3E0A-3CD7-4B4E-85AD-33E31CE5D1AF}"
EndProject
Project("{FAE04EC0-301F-11D3-BF4B-00C04F79EFBC}") = "ej12", "ej12\ej12.csproj", "{4892BA49-CFB2-49C3-89DE-0E4AB5BFF666}"
EndProject
Project("{FAE04EC0-301F-11D3-BF4B-00C04F79EFBC}") = "ej13", "ej13\ej13.csproj", "{C1618421-D9D3-43C4-98CA-F27AA16EC860}"
EndProject
Project("{FAE04EC0-301F-11D3-BF4B-00C04F79EFBC}") = "ej14", "ej14\ej14.csproj", "{0B53E654-1CFB-4598-A0B6-E01EE63E6BEF}"
EndProject
Project("{FAE04EC0-301F-11D3-BF4B-00C04F79EFBC}") = "ej15", "ej15\ej15.csproj", "{934577F1-735B-43AF-AC4A-6FA568975406}"
EndProject
Global
	GlobalSection(SolutionConfigurationPlatforms) = preSolution
		Debug|Any CPU = Debug|Any CPU
		Release|Any CPU = Release|Any CPU
	EndGlobalSection
	GlobalSection(ProjectConfigurationPlatforms) = postSolution
		{3AA9E142-4558-4710-88FB-A7F190E90DF6}.Debug|Any CPU.ActiveCfg = Debug|Any CPU
		{3AA9E142-4558-4710-88FB-A7F190E90DF6}.Debug|Any CPU.Build.0 = Debug|Any CPU
		{3AA9E142-4558-4710-88FB-A7F190E90DF6}.Release|Any CPU.ActiveCfg = Release|Any CPU
		{3AA9E142-4558-4710-88FB-A7F190E90DF6}.Release|Any CPU.Build.0 = Release|Any CPU
		{A59C787A-35A1-433E-99BD-374CD1D49505}.Debug|Any CPU.ActiveCfg = Debug|Any CPU
		{A59C787A-35A1-433E-99BD-374CD1D49505}.Debug|Any CPU.Build.0 = Debug|Any CPU
		{A59C787A-35A1-433E-99BD-374CD1D49505}.Release|Any CPU.ActiveCfg = Release|Any CPU
		{A59C787A-35A1-433E-99BD-374CD1D49505}.Release|Any CPU.Build.0 = Release|Any CPU
		{C1361BAD-34F0-45D9-8EFF-92827BB2FC38}.Debug|Any CPU.ActiveCfg = Debug|Any CPU
		{C1361BAD-34F0-45D9-8EFF-92827BB2FC38}.Debug|Any CPU.Build.0 = Debug|Any CPU
		{C1361BAD-34F0-45D9-8EFF-92827BB2FC38}.Release|Any CPU.ActiveCfg = Release|Any CPU
		{C1361BAD-34F0-45D9-8EFF-92827BB2FC38}.Release|Any CPU.Build.0 = Release|Any CPU
		{BC8CDCB6-DCF8-487D-AA74-9FE3AB94B917}.Debug|Any CPU.ActiveCfg = Debug|Any CPU
		{BC8CDCB6-DCF8-487D-AA74-9FE3AB94B917}.Debug|Any CPU.Build.0 = Debug|Any CPU
		{BC8CDCB6-DCF8-487D-AA74-9FE3AB94B917}.Release|Any CPU.ActiveCfg = Release|Any CPU
		{BC8CDCB6-DCF8-487D-AA74-9FE3AB94B917}.Release|Any CPU.Build.0 = Release|Any CPU
		{FDCA096B-0FE5-4D18-AA0E-B5378833DA09}.Debug|Any CPU.ActiveCfg = Debug|Any CPU
		{FDCA096B-0FE5-4D18-AA0E-B5378833DA09}.Debug|Any CPU.Build.0 = Debug|Any CPU
		{FDCA096B-0FE5-4D18-AA0E-B5378833DA09}.Release|Any CPU.ActiveCfg = Release|Any CPU
		{FDCA096B-0FE5-4D18-AA0E-B5378833DA09}.Release|Any CPU.Build.0 = Release|Any CPU
		{244F1E36-7785-4D68-B6B0-6381863FADD3}.Debug|Any CPU.ActiveCfg = Debug|Any CPU
		{244F1E36-7785-4D68-B6B0-6381863FADD3}.Debug|Any CPU.Build.0 = Debug|Any CPU
		{244F1E36-7785-4D68-B6B0-6381863FADD3}.Release|Any CPU.ActiveCfg = Release|Any CPU
		{244F1E36-7785-4D68-B6B0-6381863FADD3}.Release|Any CPU.Build.0 = Release|Any CPU
		{C071DD0D-3C76-4139-9608-F31E891773E9}.Debug|Any CPU.ActiveCfg = Debug|Any CPU
		{C071DD0D-3C76-4139-9608-F31E891773E9}.Debug|Any CPU.Build.0 = Debug|Any CPU
		{C071DD0D-3C76-4139-9608-F31E891773E9}.Release|Any CPU.ActiveCfg = Release|Any CPU
		{C071DD0D-3C76-4139-9608-F31E891773E9}.Release|Any CPU.Build.0 = Release|Any CPU
		{EBB7CF04-48C0-40AC-A20A-E656B362178A}.Debug|Any CPU.ActiveCfg = Debug|Any CPU
		{EBB7CF04-48C0-40AC-A20A-E656B362178A}.Debug|Any CPU.Build.0 = Debug|Any CPU
		{EBB7CF04-48C0-40AC-A20A-E656B362178A}.Release|Any CPU.ActiveCfg = Release|Any CPU
		{EBB7CF04-48C0-40AC-A20A-E656B362178A}.Release|Any CPU.Build.0 = Release|Any CPU
		{6760D56E-279C-4ADC-81EE-DF2527671021}.Debug|Any CPU.ActiveCfg = Debug|Any CPU
		{6760D56E-279C-4ADC-81EE-DF2527671021}.Debug|Any CPU.Build.0 = Debug|Any CPU
		{6760D56E-279C-4ADC-81EE-DF2527671021}.Release|Any CPU.ActiveCfg = Release|Any CPU
		{6760D56E-279C-4ADC-81EE-DF2527671021}.Release|Any CPU.Build.0 = Release|Any CPU
		{D4992021-7166-410E-AB57-897388DA43A4}.Debug|Any CPU.ActiveCfg = Debug|Any CPU
		{D4992021-7166-410E-AB57-897388DA43A4}.Debug|Any CPU.Build.0 = Debug|Any CPU
		{D4992021-7166-410E-AB57-897388DA43A4}.Release|Any CPU.ActiveCfg = Release|Any CPU
		{D4992021-7166-410E-AB57-897388DA43A4}.Release|Any CPU.Build.0 = Release|Any CPU
		{E6CD3E0A-3CD7-4B4E-85AD-33E31CE5D1AF}.Debug|Any CPU.ActiveCfg = Debug|Any CPU
		{E6CD3E0A-3CD7-4B4E-85AD-33E31CE5D1AF}.Debug|Any CPU.Build.0 = Debug|Any CPU
		{E6CD3E0A-3CD7-4B4E-85AD-33E31CE5D1AF}.Release|Any CPU.ActiveCfg = Release|Any CPU
		{E6CD3E0A-3CD7-4B4E-85AD-33E31CE5D1AF}.Release|Any CPU.Build.0 = Release|Any CPU
		{4892BA49-CFB2-49C3-89DE-0E4AB5BFF666}.Debug|Any CPU.ActiveCfg = Debug|Any CPU
		{4892BA49-CFB2-49C3-89DE-0E4AB5BFF666}.Debug|Any CPU.Build.0 = Debug|Any CPU
		{4892BA49-CFB2-49C3-89DE-0E4AB5BFF666}.Release|Any CPU.ActiveCfg = Release|Any CPU
		{4892BA49-CFB2-49C3-89DE-0E4AB5BFF666}.Release|Any CPU.Build.0 = Release|Any CPU
		{C1618421-D9D3-43C4-98CA-F27AA16EC860}.Debug|Any CPU.ActiveCfg = Debug|Any CPU
		{C1618421-D9D3-43C4-98CA-F27AA16EC860}.Debug|Any CPU.Build.0 = Debug|Any CPU
		{C1618421-D9D3-43C4-98CA-F27AA16EC860}.Release|Any CPU.ActiveCfg = Release|Any CPU
		{C1618421-D9D3-43C4-98CA-F27AA16EC860}.Release|Any CPU.Build.0 = Release|Any CPU
		{0B53E654-1CFB-4598-A0B6-E01EE63E6BEF}.Debug|Any CPU.ActiveCfg = Debug|Any CPU
		{0B53E654-1CFB-4598-A0B6-E01EE63E6BEF}.Debug|Any CPU.Build.0 = Debug|Any CPU
		{0B53E654-1CFB-4598-A0B6-E01EE63E6BEF}.Release|Any CPU.ActiveCfg = Release|Any CPU
		{0B53E654-1CFB-4598-A0B6-E01EE63E6BEF}.Release|Any CPU.Build.0 = Release|Any CPU
		{934577F1-735B-43AF-AC4A-6FA568975406}.Debug|Any CPU.ActiveCfg = Debug|Any CPU
		{934577F1-735B-43AF-AC4A-6FA568975406}.Debug|Any CPU.Build.0 = Debug|Any CPU
		{934577F1-735B-43AF-AC4A-6FA568975406}.Release|Any CPU.ActiveCfg = Release|Any CPU
		{934577F1-735B-43AF-AC4A-6FA568975406}.Release|Any CPU.Build.0 = Release|Any CPU
	EndGlobalSection
	GlobalSection(SolutionProperties) = preSolution
		HideSolutionNode = FALSE
	EndGlobalSection
	GlobalSection(ExtensibilityGlobals) = postSolution
		SolutionGuid = {C3FB33F2-C786-4E44-A185-219E26FF495C}
	EndGlobalSection
EndGlobal
